
Microsoft Visual Studio Solution File, Format Version 12.00
# Visual Studio Version 17
VisualStudioVersion = 17.0.31903.59
MinimumVisualStudioVersion = 10.0.40219.1
Project("{2150E333-8FDC-42A3-9474-1A3956D46DE8}") = "server", "server", "{DAD03CFC-D5FA-AC94-41C7-9ABAB326F09E}"
EndProject
Project("{FAE04EC0-301F-11D3-BF4B-00C04F79EFBC}") = "AiChat.Api", "server\AiChat.Api.csproj", "{535FA7C6-F29E-44F2-BD06-398E5699FF1A}"
EndProject
Global
	GlobalSection(SolutionConfigurationPlatforms) = preSolution
		Debug|Any CPU = Debug|Any CPU
		Debug|x64 = Debug|x64
		Debug|x86 = Debug|x86
		Release|Any CPU = Release|Any CPU
		Release|x64 = Release|x64
		Release|x86 = Release|x86
	EndGlobalSection
	GlobalSection(ProjectConfigurationPlatforms) = postSolution
		{535FA7C6-F29E-44F2-BD06-398E5699FF1A}.Debug|Any CPU.ActiveCfg = Debug|Any CPU
		{535FA7C6-F29E-44F2-BD06-398E5699FF1A}.Debug|Any CPU.Build.0 = Debug|Any CPU
		{535FA7C6-F29E-44F2-BD06-398E5699FF1A}.Debug|x64.ActiveCfg = Debug|Any CPU
		{535FA7C6-F29E-44F2-BD06-398E5699FF1A}.Debug|x64.Build.0 = Debug|Any CPU
		{535FA7C6-F29E-44F2-BD06-398E5699FF1A}.Debug|x86.ActiveCfg = Debug|Any CPU
		{535FA7C6-F29E-44F2-BD06-398E5699FF1A}.Debug|x86.Build.0 = Debug|Any CPU
		{535FA7C6-F29E-44F2-BD06-398E5699FF1A}.Release|Any CPU.ActiveCfg = Release|Any CPU
		{535FA7C6-F29E-44F2-BD06-398E5699FF1A}.Release|Any CPU.Build.0 = Release|Any CPU
		{535FA7C6-F29E-44F2-BD06-398E5699FF1A}.Release|x64.ActiveCfg = Release|Any CPU
		{535FA7C6-F29E-44F2-BD06-398E5699FF1A}.Release|x64.Build.0 = Release|Any CPU
		{535FA7C6-F29E-44F2-BD06-398E5699FF1A}.Release|x86.ActiveCfg = Release|Any CPU
		{535FA7C6-F29E-44F2-BD06-398E5699FF1A}.Release|x86.Build.0 = Release|Any CPU
	EndGlobalSection
	GlobalSection(SolutionProperties) = preSolution
		HideSolutionNode = FALSE
	EndGlobalSection
	GlobalSection(NestedProjects) = preSolution
		{535FA7C6-F29E-44F2-BD06-398E5699FF1A} = {DAD03CFC-D5FA-AC94-41C7-9ABAB326F09E}
	EndGlobalSection
EndGlobal
